
Microsoft Visual Studio Solution File, Format Version 12.00
# Visual Studio Version 17
VisualStudioVersion = 17.14.36804.6 d17.14
MinimumVisualStudioVersion = 10.0.40219.1
Project("{2150E333-8FDC-42A3-9474-1A3956D46DE8}") = "1 - Presentation", "1 - Presentation", "{02EA681E-C7D8-13C7-8484-4AC65E1B71E8}"
EndProject
Project("{2150E333-8FDC-42A3-9474-1A3956D46DE8}") = "API", "API", "{59E1BA89-DD79-4C98-9052-DBCA806ED625}"
EndProject
Project("{FAE04EC0-301F-11D3-BF4B-00C04F79EFBC}") = "Clinica.Api.Usuario", "1 - Presentation\API\Clinica.Api.Usuario\Clinica.Api.Usuario.csproj", "{1D23AB39-B08B-4C59-9B0C-AE75DEC8A2F4}"
EndProject
Project("{2150E333-8FDC-42A3-9474-1A3956D46DE8}") = "2 - Application", "2 - Application", "{0B975209-C63F-4424-8E55-B6362905856F}"
EndProject
Project("{FAE04EC0-301F-11D3-BF4B-00C04F79EFBC}") = "Clinica.Application.Usuario", "2 - Application\Clinica.Application\Clinica.Application.Usuario.csproj", "{ED7D36B4-0F2B-430B-9747-C5D43BC57B99}"
EndProject
Project("{2150E333-8FDC-42A3-9474-1A3956D46DE8}") = "3 - Communication", "3 - Communication", "{280C75A8-6153-4560-B609-300014F4E93D}"
EndProject
Project("{FAE04EC0-301F-11D3-BF4B-00C04F79EFBC}") = "Clinica.Communication.Usuario", "3 - Communication\Clinica.Usuario.Communication\Clinica.Communication.Usuario.csproj", "{260D6F6F-C034-4481-9AFA-1B504CCCAC42}"
EndProject
Project("{2150E333-8FDC-42A3-9474-1A3956D46DE8}") = "4 - Domain", "4 - Domain", "{DB76728F-88E3-41B6-B802-74A3567F1005}"
EndProject
Project("{2150E333-8FDC-42A3-9474-1A3956D46DE8}") = "5 - Exception", "5 - Exception", "{C7497681-E0AE-4C66-AAE2-BF739AF97D74}"
EndProject
Project("{FAE04EC0-301F-11D3-BF4B-00C04F79EFBC}") = "Clinica.Domain.Usuario", "4 - Domain\Clinica.Domain.Usuario\Clinica.Domain.Usuario.csproj", "{41E28F4C-91DF-E941-DBC4-CAF70E69CF72}"
EndProject
Project("{FAE04EC0-301F-11D3-BF4B-00C04F79EFBC}") = "Clinica.Exception.Usuario", "5 - Exception\Clinica.Exception.Usuario\Clinica.Exception.Usuario.csproj", "{88180EB4-9D01-4B10-863C-9C82AC3B8E69}"
EndProject
Project("{2150E333-8FDC-42A3-9474-1A3956D46DE8}") = "6 - Infrastrucure", "6 - Infrastrucure", "{DEC5DB5C-BF66-40B4-A99E-58DB5B7FE3E4}"
EndProject
Project("{FAE04EC0-301F-11D3-BF4B-00C04F79EFBC}") = "Clinica.Infrastrucure.Usuario", "6 - Infrastrucure\Clinica.Infrastrucure.Usuario\Clinica.Infrastrucure.Usuario.csproj", "{3C2CF054-4C26-4CB8-8BE1-3C21182D8940}"
EndProject
Global
	GlobalSection(SolutionConfigurationPlatforms) = preSolution
		Debug|Any CPU = Debug|Any CPU
		Release|Any CPU = Release|Any CPU
	EndGlobalSection
	GlobalSection(ProjectConfigurationPlatforms) = postSolution
		{1D23AB39-B08B-4C59-9B0C-AE75DEC8A2F4}.Debug|Any CPU.ActiveCfg = Debug|Any CPU
		{1D23AB39-B08B-4C59-9B0C-AE75DEC8A2F4}.Debug|Any CPU.Build.0 = Debug|Any CPU
		{1D23AB39-B08B-4C59-9B0C-AE75DEC8A2F4}.Release|Any CPU.ActiveCfg = Release|Any CPU
		{1D23AB39-B08B-4C59-9B0C-AE75DEC8A2F4}.Release|Any CPU.Build.0 = Release|Any CPU
		{ED7D36B4-0F2B-430B-9747-C5D43BC57B99}.Debug|Any CPU.ActiveCfg = Debug|Any CPU
		{ED7D36B4-0F2B-430B-9747-C5D43BC57B99}.Debug|Any CPU.Build.0 = Debug|Any CPU
		{ED7D36B4-0F2B-430B-9747-C5D43BC57B99}.Release|Any CPU.ActiveCfg = Release|Any CPU
		{ED7D36B4-0F2B-430B-9747-C5D43BC57B99}.Release|Any CPU.Build.0 = Release|Any CPU
		{260D6F6F-C034-4481-9AFA-1B504CCCAC42}.Debug|Any CPU.ActiveCfg = Debug|Any CPU
		{260D6F6F-C034-4481-9AFA-1B504CCCAC42}.Debug|Any CPU.Build.0 = Debug|Any CPU
		{260D6F6F-C034-4481-9AFA-1B504CCCAC42}.Release|Any CPU.ActiveCfg = Release|Any CPU
		{260D6F6F-C034-4481-9AFA-1B504CCCAC42}.Release|Any CPU.Build.0 = Release|Any CPU
		{41E28F4C-91DF-E941-DBC4-CAF70E69CF72}.Debug|Any CPU.ActiveCfg = Debug|Any CPU
		{41E28F4C-91DF-E941-DBC4-CAF70E69CF72}.Debug|Any CPU.Build.0 = Debug|Any CPU
		{41E28F4C-91DF-E941-DBC4-CAF70E69CF72}.Release|Any CPU.ActiveCfg = Release|Any CPU
		{41E28F4C-91DF-E941-DBC4-CAF70E69CF72}.Release|Any CPU.Build.0 = Release|Any CPU
		{88180EB4-9D01-4B10-863C-9C82AC3B8E69}.Debug|Any CPU.ActiveCfg = Debug|Any CPU
		{88180EB4-9D01-4B10-863C-9C82AC3B8E69}.Debug|Any CPU.Build.0 = Debug|Any CPU
		{88180EB4-9D01-4B10-863C-9C82AC3B8E69}.Release|Any CPU.ActiveCfg = Release|Any CPU
		{88180EB4-9D01-4B10-863C-9C82AC3B8E69}.Release|Any CPU.Build.0 = Release|Any CPU
		{3C2CF054-4C26-4CB8-8BE1-3C21182D8940}.Debug|Any CPU.ActiveCfg = Debug|Any CPU
		{3C2CF054-4C26-4CB8-8BE1-3C21182D8940}.Debug|Any CPU.Build.0 = Debug|Any CPU
		{3C2CF054-4C26-4CB8-8BE1-3C21182D8940}.Release|Any CPU.ActiveCfg = Release|Any CPU
		{3C2CF054-4C26-4CB8-8BE1-3C21182D8940}.Release|Any CPU.Build.0 = Release|Any CPU
	EndGlobalSection
	GlobalSection(SolutionProperties) = preSolution
		HideSolutionNode = FALSE
	EndGlobalSection
	GlobalSection(NestedProjects) = preSolution
		{59E1BA89-DD79-4C98-9052-DBCA806ED625} = {02EA681E-C7D8-13C7-8484-4AC65E1B71E8}
		{1D23AB39-B08B-4C59-9B0C-AE75DEC8A2F4} = {59E1BA89-DD79-4C98-9052-DBCA806ED625}
		{ED7D36B4-0F2B-430B-9747-C5D43BC57B99} = {0B975209-C63F-4424-8E55-B6362905856F}
		{260D6F6F-C034-4481-9AFA-1B504CCCAC42} = {280C75A8-6153-4560-B609-300014F4E93D}
		{41E28F4C-91DF-E941-DBC4-CAF70E69CF72} = {DB76728F-88E3-41B6-B802-74A3567F1005}
		{88180EB4-9D01-4B10-863C-9C82AC3B8E69} = {C7497681-E0AE-4C66-AAE2-BF739AF97D74}
		{3C2CF054-4C26-4CB8-8BE1-3C21182D8940} = {DEC5DB5C-BF66-40B4-A99E-58DB5B7FE3E4}
	EndGlobalSection
	GlobalSection(ExtensibilityGlobals) = postSolution
		SolutionGuid = {231B2844-FF81-4601-9187-DE0C2CFA18CF}
	EndGlobalSection
EndGlobal
